{
  "name": "ui5-version",
  "version": "0.1.0",
  "lockfileVersion": 3,
  "requires": true,
  "packages": {
    "": {
      "name": "ui5-version",
      "version": "0.1.0",
      "license": "MIT",
      "bin": {
        "ui5-version": "bin/ui5-version.js"
      },
      "engines": {
        "node": ">=18"
      }
    }
  }
}
